
Microsoft Visual Studio Solution File, Format Version 12.00
# Visual Studio 15
VisualStudioVersion = 15.0.26430.15
MinimumVisualStudioVersion = 10.0.40219.1
Project("{FAE04EC0-301F-11D3-BF4B-00C04F79EFBC}") = "TeduShop.Common", "TeduShop.Common\TeduShop.Common.csproj", "{41587C7A-E8E6-4F05-BB5F-69FBDDCB62B1}"
EndProject
Project("{FAE04EC0-301F-11D3-BF4B-00C04F79EFBC}") = "TeduShop.Model", "TeduShop.Model\TeduShop.Model.csproj", "{C4B3CDD2-2E91-459B-8B03-EC0E590990A4}"
EndProject
Project("{FAE04EC0-301F-11D3-BF4B-00C04F79EFBC}") = "TeduShop.Data", "TeduShop.Data\TeduShop.Data.csproj", "{E8495DC2-C623-40B6-B7A1-819010B73913}"
EndProject
Project("{FAE04EC0-301F-11D3-BF4B-00C04F79EFBC}") = "TeduShop.Service", "TeduShop.Service\TeduShop.Service.csproj", "{5470D1BA-4DDB-4A08-B1A7-CBD234BBA61E}"
EndProject
Project("{FAE04EC0-301F-11D3-BF4B-00C04F79EFBC}") = "TeduShop.UnitTest", "TeduShop.UnitTest\TeduShop.UnitTest.csproj", "{B02EBC6C-0BF7-48ED-8920-B2120CADB34D}"
EndProject
Project("{FAE04EC0-301F-11D3-BF4B-00C04F79EFBC}") = "TeduShop.Web", "TeduShop.Web\TeduShop.Web.csproj", "{17F22EAB-80BE-411C-B3F8-01AB9CB7D1F8}"
EndProject
Global
	GlobalSection(SolutionConfigurationPlatforms) = preSolution
		Debug|Any CPU = Debug|Any CPU
		Release|Any CPU = Release|Any CPU
	EndGlobalSection
	GlobalSection(ProjectConfigurationPlatforms) = postSolution
		{41587C7A-E8E6-4F05-BB5F-69FBDDCB62B1}.Debug|Any CPU.ActiveCfg = Debug|Any CPU
		{41587C7A-E8E6-4F05-BB5F-69FBDDCB62B1}.Debug|Any CPU.Build.0 = Debug|Any CPU
		{41587C7A-E8E6-4F05-BB5F-69FBDDCB62B1}.Release|Any CPU.ActiveCfg = Release|Any CPU
		{41587C7A-E8E6-4F05-BB5F-69FBDDCB62B1}.Release|Any CPU.Build.0 = Release|Any CPU
		{C4B3CDD2-2E91-459B-8B03-EC0E590990A4}.Debug|Any CPU.ActiveCfg = Debug|Any CPU
		{C4B3CDD2-2E91-459B-8B03-EC0E590990A4}.Debug|Any CPU.Build.0 = Debug|Any CPU
		{C4B3CDD2-2E91-459B-8B03-EC0E590990A4}.Release|Any CPU.ActiveCfg = Release|Any CPU
		{C4B3CDD2-2E91-459B-8B03-EC0E590990A4}.Release|Any CPU.Build.0 = Release|Any CPU
		{E8495DC2-C623-40B6-B7A1-819010B73913}.Debug|Any CPU.ActiveCfg = Debug|Any CPU
		{E8495DC2-C623-40B6-B7A1-819010B73913}.Debug|Any CPU.Build.0 = Debug|Any CPU
		{E8495DC2-C623-40B6-B7A1-819010B73913}.Release|Any CPU.ActiveCfg = Release|Any CPU
		{E8495DC2-C623-40B6-B7A1-819010B73913}.Release|Any CPU.Build.0 = Release|Any CPU
		{5470D1BA-4DDB-4A08-B1A7-CBD234BBA61E}.Debug|Any CPU.ActiveCfg = Debug|Any CPU
		{5470D1BA-4DDB-4A08-B1A7-CBD234BBA61E}.Debug|Any CPU.Build.0 = Debug|Any CPU
		{5470D1BA-4DDB-4A08-B1A7-CBD234BBA61E}.Release|Any CPU.ActiveCfg = Release|Any CPU
		{5470D1BA-4DDB-4A08-B1A7-CBD234BBA61E}.Release|Any CPU.Build.0 = Release|Any CPU
		{B02EBC6C-0BF7-48ED-8920-B2120CADB34D}.Debug|Any CPU.ActiveCfg = Debug|Any CPU
		{B02EBC6C-0BF7-48ED-8920-B2120CADB34D}.Debug|Any CPU.Build.0 = Debug|Any CPU
		{B02EBC6C-0BF7-48ED-8920-B2120CADB34D}.Release|Any CPU.ActiveCfg = Release|Any CPU
		{B02EBC6C-0BF7-48ED-8920-B2120CADB34D}.Release|Any CPU.Build.0 = Release|Any CPU
		{17F22EAB-80BE-411C-B3F8-01AB9CB7D1F8}.Debug|Any CPU.ActiveCfg = Debug|Any CPU
		{17F22EAB-80BE-411C-B3F8-01AB9CB7D1F8}.Debug|Any CPU.Build.0 = Debug|Any CPU
		{17F22EAB-80BE-411C-B3F8-01AB9CB7D1F8}.Release|Any CPU.ActiveCfg = Release|Any CPU
		{17F22EAB-80BE-411C-B3F8-01AB9CB7D1F8}.Release|Any CPU.Build.0 = Release|Any CPU
	EndGlobalSection
	GlobalSection(SolutionProperties) = preSolution
		HideSolutionNode = FALSE
	EndGlobalSection
EndGlobal
